
Microsoft Visual Studio Solution File, Format Version 12.00
# Visual Studio 15
VisualStudioVersion = 15.0.28307.1062
MinimumVisualStudioVersion = 10.0.40219.1
Project("{FAE04EC0-301F-11D3-BF4B-00C04F79EFBC}") = "CICDDemo", "CICDDemo\CICDDemo.csproj", "{4DE8027F-13AD-4177-B673-47FBAB7D8AFE}"
EndProject
Global
	GlobalSection(SolutionConfigurationPlatforms) = preSolution
		Debug|Any CPU = Debug|Any CPU
		Release|Any CPU = Release|Any CPU
	EndGlobalSection
	GlobalSection(ProjectConfigurationPlatforms) = postSolution
		{4DE8027F-13AD-4177-B673-47FBAB7D8AFE}.Debug|Any CPU.ActiveCfg = Debug|Any CPU
		{4DE8027F-13AD-4177-B673-47FBAB7D8AFE}.Debug|Any CPU.Build.0 = Debug|Any CPU
		{4DE8027F-13AD-4177-B673-47FBAB7D8AFE}.Release|Any CPU.ActiveCfg = Release|Any CPU
		{4DE8027F-13AD-4177-B673-47FBAB7D8AFE}.Release|Any CPU.Build.0 = Release|Any CPU
	EndGlobalSection
	GlobalSection(SolutionProperties) = preSolution
		HideSolutionNode = FALSE
	EndGlobalSection
	GlobalSection(ExtensibilityGlobals) = postSolution
		SolutionGuid = {CAF04D16-8E83-4B22-AE05-A973D75C23A4}
	EndGlobalSection
EndGlobal
